# This file was autogenerated by Stack.
# You should not edit this file by hand.
# For more information, please see the documentation at:
#   https://docs.haskellstack.org/en/stable/lock_files

packages:
- completed:
    name: text-format
    version: 0.3.3
    git: https://github.com/oliverbunting/text-format.git
    pantry-tree:
      size: 1273
      sha256: fac733f9363ae03a3df48c151d9ad15cb148fe5c3c407821d7f241b3ad1d00af
    commit: eded7ae45ae985673fa0902ba622ccd95e66728e
  original:
    git: https://github.com/oliverbunting/text-format.git
    commit: eded7ae45ae985673fa0902ba622ccd95e66728e
- completed:
    subdir: servant-util
    name: servant-util
    version: '0.3'
    git: https://github.com/marinelli/servant-util.git
    pantry-tree:
      size: 4386
      sha256: c6beac9225d3b5cc1d91176af809e31fac05cdc6b70e2004f63a01ae4021fd4b
    commit: 29d308821383c41fef3a0a76bd308b6962f6fc82
  original:
    subdir: servant-util
    git: https://github.com/marinelli/servant-util.git
    commit: 29d308821383c41fef3a0a76bd308b6962f6fc82
snapshots:
- completed:
    size: 618876
    url: https://raw.githubusercontent.com/commercialhaskell/stackage-snapshots/master/lts/19/6.yaml
    sha256: fb634b19f31da06684bb07ce02a20c75a3162138f279b388905b03ebd57bb50f
  original:
    url: https://raw.githubusercontent.com/commercialhaskell/stackage-snapshots/master/lts/19/6.yaml
